
Microsoft Visual Studio Solution File, Format Version 12.00
Project("{FAE04EC0-301F-11D3-BF4B-00C04F79EFBC}") = "Common", "src\Common\Common.csproj", "{A53B9138-DCB7-4310-A95E-155C2BD200C3}"
EndProject
Project("{FAE04EC0-301F-11D3-BF4B-00C04F79EFBC}") = "AdventOfCode.Day1", "src\AdventOfCode.Day1\AdventOfCode.Day1.csproj", "{4C655F2D-135A-4596-A562-3119E810684A}"
EndProject
Global
	GlobalSection(SolutionConfigurationPlatforms) = preSolution
		Debug|Any CPU = Debug|Any CPU
		Release|Any CPU = Release|Any CPU
	EndGlobalSection
	GlobalSection(ProjectConfigurationPlatforms) = postSolution
		{A53B9138-DCB7-4310-A95E-155C2BD200C3}.Debug|Any CPU.ActiveCfg = Debug|Any CPU
		{A53B9138-DCB7-4310-A95E-155C2BD200C3}.Debug|Any CPU.Build.0 = Debug|Any CPU
		{A53B9138-DCB7-4310-A95E-155C2BD200C3}.Release|Any CPU.ActiveCfg = Release|Any CPU
		{A53B9138-DCB7-4310-A95E-155C2BD200C3}.Release|Any CPU.Build.0 = Release|Any CPU
		{4C655F2D-135A-4596-A562-3119E810684A}.Debug|Any CPU.ActiveCfg = Debug|Any CPU
		{4C655F2D-135A-4596-A562-3119E810684A}.Debug|Any CPU.Build.0 = Debug|Any CPU
		{4C655F2D-135A-4596-A562-3119E810684A}.Release|Any CPU.ActiveCfg = Release|Any CPU
		{4C655F2D-135A-4596-A562-3119E810684A}.Release|Any CPU.Build.0 = Release|Any CPU
	EndGlobalSection
EndGlobal
